// !$*UTF8*$!
{
	archiveVersion = 1;
	classes = {
	};
	objectVersion = 46;
	objects = {

/* Begin PBXBuildFile section */
		1DF388331F89126200609A3F /* AppDelegate.swift in Sources */ = {isa = PBXBuildFile; fileRef = 1DF388321F89126200609A3F /* AppDelegate.swift */; };
		1DF388351F89126200609A3F /* ViewController.swift in Sources */ = {isa = PBXBuildFile; fileRef = 1DF388341F89126200609A3F /* ViewController.swift */; };
		1DF388381F89126200609A3F /* Main.storyboard in Resources */ = {isa = PBXBuildFile; fileRef = 1DF388361F89126200609A3F /* Main.storyboard */; };
		1DF3883B1F89126200609A3F /* lockr.xcdatamodeld in Sources */ = {isa = PBXBuildFile; fileRef = 1DF388391F89126200609A3F /* lockr.xcdatamodeld */; };
		1DF3883D1F89126200609A3F /* Assets.xcassets in Resources */ = {isa = PBXBuildFile; fileRef = 1DF3883C1F89126200609A3F /* Assets.xcassets */; };
		1DF388401F89126200609A3F /* LaunchScreen.storyboard in Resources */ = {isa = PBXBuildFile; fileRef = 1DF3883E1F89126200609A3F /* LaunchScreen.storyboard */; };
		1DF3884B1F89126200609A3F /* lockrTests.swift in Sources */ = {isa = PBXBuildFile; fileRef = 1DF3884A1F89126200609A3F /* lockrTests.swift */; };
		1DF388561F89126200609A3F /* lockrUITests.swift in Sources */ = {isa = PBXBuildFile; fileRef = 1DF388551F89126200609A3F /* lockrUITests.swift */; };
/* End PBXBuildFile section */

/* Begin PBXContainerItemProxy section */
		1DF388471F89126200609A3F /* PBXContainerItemProxy */ = {
			isa = PBXContainerItemProxy;
			containerPortal = 1DF388271F89126200609A3F /* Project object */;
			proxyType = 1;
			remoteGlobalIDString = 1DF3882E1F89126200609A3F;
			remoteInfo = lockr;
		};
		1DF388521F89126200609A3F /* PBXContainerItemProxy */ = {
			isa = PBXContainerItemProxy;
			containerPortal = 1DF388271F89126200609A3F /* Project object */;
			proxyType = 1;
			remoteGlobalIDString = 1DF3882E1F89126200609A3F;
			remoteInfo = lockr;
		};
/* End PBXContainerItemProxy section */

/* Begin PBXFileReference section */
		1DF3882F1F89126200609A3F /* lockr.app */ = {isa = PBXFileReference; explicitFileType = wrapper.application; includeInIndex = 0; path = lockr.app; sourceTree = BUILT_PRODUCTS_DIR; };
		1DF388321F89126200609A3F /* AppDelegate.swift */ = {isa = PBXFileReference; lastKnownFileType = sourcecode.swift; path = AppDelegate.swift; sourceTree = "<group>"; };
		1DF388341F89126200609A3F /* ViewController.swift */ = {isa = PBXFileReference; lastKnownFileType = sourcecode.swift; path = ViewController.swift; sourceTree = "<group>"; };
		1DF388371F89126200609A3F /* Base */ = {isa = PBXFileReference; lastKnownFileType = file.storyboard; name = Base; path = Base.lproj/Main.storyboard; sourceTree = "<group>"; };
		1DF3883A1F89126200609A3F /* lockr.xcdatamodel */ = {isa = PBXFileReference; lastKnownFileType = wrapper.xcdatamodel; path = lockr.xcdatamodel; sourceTree = "<group>"; };
		1DF3883C1F89126200609A3F /* Assets.xcassets */ = {isa = PBXFileReference; lastKnownFileType = folder.assetcatalog; path = Assets.xcassets; sourceTree = "<group>"; };
		1DF3883F1F89126200609A3F /* Base */ = {isa = PBXFileReference; lastKnownFileType = file.storyboard; name = Base; path = Base.lproj/LaunchScreen.storyboard; sourceTree = "<group>"; };
		1DF388411F89126200609A3F /* Info.plist */ = {isa = PBXFileReference; lastKnownFileType = text.plist.xml; path = Info.plist; sourceTree = "<group>"; };
		1DF388461F89126200609A3F /* lockrTests.xctest */ = {isa = PBXFileReference; explicitFileType = wrapper.cfbundle; includeInIndex = 0; path = lockrTests.xctest; sourceTree = BUILT_PRODUCTS_DIR; };
		1DF3884A1F89126200609A3F /* lockrTests.swift */ = {isa = PBXFileReference; lastKnownFileType = sourcecode.swift; path = lockrTests.swift; sourceTree = "<group>"; };
		1DF3884C1F89126200609A3F /* Info.plist */ = {isa = PBXFileReference; lastKnownFileType = text.plist.xml; path = Info.plist; sourceTree = "<group>"; };
		1DF388511F89126200609A3F /* lockrUITests.xctest */ = {isa = PBXFileReference; explicitFileType = wrapper.cfbundle; includeInIndex = 0; path = lockrUITests.xctest; sourceTree = BUILT_PRODUCTS_DIR; };
		1DF388551F89126200609A3F /* lockrUITests.swift */ = {isa = PBXFileReference; lastKnownFileType = sourcecode.swift; path = lockrUITests.swift; sourceTree = "<group>"; };
		1DF388571F89126200609A3F /* Info.plist */ = {isa = PBXFileReference; lastKnownFileType = text.plist.xml; path = Info.plist; sourceTree = "<group>"; };
/* End PBXFileReference section */

/* Begin PBXFrameworksBuildPhase section */
		1DF3882C1F89126200609A3F /* Frameworks */ = {
			isa = PBXFrameworksBuildPhase;
			buildActionMask = 2147483647;
			files = (
			);
			runOnlyForDeploymentPostprocessing = 0;
		};
		1DF388431F89126200609A3F /* Frameworks */ = {
			isa = PBXFrameworksBuildPhase;
			buildActionMask = 2147483647;
			files = (
			);
			runOnlyForDeploymentPostprocessing = 0;
		};
		1DF3884E1F89126200609A3F /* Frameworks */ = {
			isa = PBXFrameworksBuildPhase;
			buildActionMask = 2147483647;
			files = (
			);
			runOnlyForDeploymentPostprocessing = 0;
		};
/* End PBXFrameworksBuildPhase section */

/* Begin PBXGroup section */
		1DF388261F89126200609A3F = {
			isa = PBXGroup;
			children = (
				1DF388311F89126200609A3F /* lockr */,
				1DF388491F89126200609A3F /* lockrTests */,
				1DF388541F89126200609A3F /* lockrUITests */,
				1DF388301F89126200609A3F /* Products */,
			);
			sourceTree = "<group>";
		};
		1DF388301F89126200609A3F /* Products */ = {
			isa = PBXGroup;
			children = (
				1DF3882F1F89126200609A3F /* lockr.app */,
				1DF388461F89126200609A3F /* lockrTests.xctest */,
				1DF388511F89126200609A3F /* lockrUITests.xctest */,
			);
			name = Products;
			sourceTree = "<group>";
		};
		1DF388311F89126200609A3F /* lockr */ = {
			isa = PBXGroup;
			children = (
				1DF388321F89126200609A3F /* AppDelegate.swift */,
				1DF388341F89126200609A3F /* ViewController.swift */,
				1DF388361F89126200609A3F /* Main.storyboard */,
				1DF3883C1F89126200609A3F /* Assets.xcassets */,
				1DF3883E1F89126200609A3F /* LaunchScreen.storyboard */,
				1DF388411F89126200609A3F /* Info.plist */,
				1DF388391F89126200609A3F /* lockr.xcdatamodeld */,
			);
			path = lockr;
			sourceTree = "<group>";
		};
		1DF388491F89126200609A3F /* lockrTests */ = {
			isa = PBXGroup;
			children = (
				1DF3884A1F89126200609A3F /* lockrTests.swift */,
				1DF3884C1F89126200609A3F /* Info.plist */,
			);
			path = lockrTests;
			sourceTree = "<group>";
		};
		1DF388541F89126200609A3F /* lockrUITests */ = {
			isa = PBXGroup;
			children = (
				1DF388551F89126200609A3F /* lockrUITests.swift */,
				1DF388571F89126200609A3F /* Info.plist */,
			);
			path = lockrUITests;
			sourceTree = "<group>";
		};
/* End PBXGroup section */

/* Begin PBXNativeTarget section */
		1DF3882E1F89126200609A3F /* lockr */ = {
			isa = PBXNativeTarget;
			buildConfigurationList = 1DF3885A1F89126200609A3F /* Build configuration list for PBXNativeTarget "lockr" */;
			buildPhases = (
				1DF3882B1F89126200609A3F /* Sources */,
				1DF3882C1F89126200609A3F /* Frameworks */,
				1DF3882D1F89126200609A3F /* Resources */,
			);
			buildRules = (
			);
			dependencies = (
			);
			name = lockr;
			productName = lockr;
			productReference = 1DF3882F1F89126200609A3F /* lockr.app */;
			productType = "com.apple.product-type.application";
		};
		1DF388451F89126200609A3F /* lockrTests */ = {
			isa = PBXNativeTarget;
			buildConfigurationList = 1DF3885D1F89126200609A3F /* Build configuration list for PBXNativeTarget "lockrTests" */;
			buildPhases = (
				1DF388421F89126200609A3F /* Sources */,
				1DF388431F89126200609A3F /* Frameworks */,
				1DF388441F89126200609A3F /* Resources */,
			);
			buildRules = (
			);
			dependencies = (
				1DF388481F89126200609A3F /* PBXTargetDependency */,
			);
			name = lockrTests;
			productName = lockrTests;
			productReference = 1DF388461F89126200609A3F /* lockrTests.xctest */;
			productType = "com.apple.product-type.bundle.unit-test";
		};
		1DF388501F89126200609A3F /* lockrUITests */ = {
			isa = PBXNativeTarget;
			buildConfigurationList = 1DF388601F89126200609A3F /* Build configuration list for PBXNativeTarget "lockrUITests" */;
			buildPhases = (
				1DF3884D1F89126200609A3F /* Sources */,
				1DF3884E1F89126200609A3F /* Frameworks */,
				1DF3884F1F89126200609A3F /* Resources */,
			);
			buildRules = (
			);
			dependencies = (
				1DF388531F89126200609A3F /* PBXTargetDependency */,
			);
			name = lockrUITests;
			productName = lockrUITests;
			productReference = 1DF388511F89126200609A3F /* lockrUITests.xctest */;
			productType = "com.apple.product-type.bundle.ui-testing";
		};
/* End PBXNativeTarget section */

/* Begin PBXProject section */
		1DF388271F89126200609A3F /* Project object */ = {
			isa = PBXProject;
			attributes = {
				LastSwiftUpdateCheck = 0830;
				LastUpgradeCheck = 0830;
				ORGANIZATIONNAME = "Kittipol Munkatitum";
				TargetAttributes = {
					1DF3882E1F89126200609A3F = {
						CreatedOnToolsVersion = 8.3.3;
						ProvisioningStyle = Automatic;
					};
					1DF388451F89126200609A3F = {
						CreatedOnToolsVersion = 8.3.3;
						ProvisioningStyle = Automatic;
						TestTargetID = 1DF3882E1F89126200609A3F;
					};
					1DF388501F89126200609A3F = {
						CreatedOnToolsVersion = 8.3.3;
						ProvisioningStyle = Automatic;
						TestTargetID = 1DF3882E1F89126200609A3F;
					};
				};
			};
			buildConfigurationList = 1DF3882A1F89126200609A3F /* Build configuration list for PBXProject "lockr" */;
			compatibilityVersion = "Xcode 3.2";
			developmentRegion = English;
			hasScannedForEncodings = 0;
			knownRegions = (
				en,
				Base,
			);
			mainGroup = 1DF388261F89126200609A3F;
			productRefGroup = 1DF388301F89126200609A3F /* Products */;
			projectDirPath = "";
			projectRoot = "";
			targets = (
				1DF3882E1F89126200609A3F /* lockr */,
				1DF388451F89126200609A3F /* lockrTests */,
				1DF388501F89126200609A3F /* lockrUITests */,
			);
		};
/* End PBXProject section */

/* Begin PBXResourcesBuildPhase section */
		1DF3882D1F89126200609A3F /* Resources */ = {
			isa = PBXResourcesBuildPhase;
			buildActionMask = 2147483647;
			files = (
				1DF388401F89126200609A3F /* LaunchScreen.storyboard in Resources */,
				1DF3883D1F89126200609A3F /* Assets.xcassets in Resources */,
				1DF388381F89126200609A3F /* Main.storyboard in Resources */,
			);
			runOnlyForDeploymentPostprocessing = 0;
		};
		1DF388441F89126200609A3F /* Resources */ = {
			isa = PBXResourcesBuildPhase;
			buildActionMask = 2147483647;
			files = (
			);
			runOnlyForDeploymentPostprocessing = 0;
		};
		1DF3884F1F89126200609A3F /* Resources */ = {
			isa = PBXResourcesBuildPhase;
			buildActionMask = 2147483647;
			files = (
			);
			runOnlyForDeploymentPostprocessing = 0;
		};
/* End PBXResourcesBuildPhase section */

/* Begin PBXSourcesBuildPhase section */
		1DF3882B1F89126200609A3F /* Sources */ = {
			isa = PBXSourcesBuildPhase;
			buildActionMask = 2147483647;
			files = (
				1DF388351F89126200609A3F /* ViewController.swift in Sources */,
				1DF3883B1F89126200609A3F /* lockr.xcdatamodeld in Sources */,
				1DF388331F89126200609A3F /* AppDelegate.swift in Sources */,
			);
			runOnlyForDeploymentPostprocessing = 0;
		};
		1DF388421F89126200609A3F /* Sources */ = {
			isa = PBXSourcesBuildPhase;
			buildActionMask = 2147483647;
			files = (
				1DF3884B1F89126200609A3F /* lockrTests.swift in Sources */,
			);
			runOnlyForDeploymentPostprocessing = 0;
		};
		1DF3884D1F89126200609A3F /* Sources */ = {
			isa = PBXSourcesBuildPhase;
			buildActionMask = 2147483647;
			files = (
				1DF388561F89126200609A3F /* lockrUITests.swift in Sources */,
			);
			runOnlyForDeploymentPostprocessing = 0;
		};
/* End PBXSourcesBuildPhase section */

/* Begin PBXTargetDependency section */
		1DF388481F89126200609A3F /* PBXTargetDependency */ = {
			isa = PBXTargetDependency;
			target = 1DF3882E1F89126200609A3F /* lockr */;
			targetProxy = 1DF388471F89126200609A3F /* PBXContainerItemProxy */;
		};
		1DF388531F89126200609A3F /* PBXTargetDependency */ = {
			isa = PBXTargetDependency;
			target = 1DF3882E1F89126200609A3F /* lockr */;
			targetProxy = 1DF388521F89126200609A3F /* PBXContainerItemProxy */;
		};
/* End PBXTargetDependency section */

/* Begin PBXVariantGroup section */
		1DF388361F89126200609A3F /* Main.storyboard */ = {
			isa = PBXVariantGroup;
			children = (
				1DF388371F89126200609A3F /* Base */,
			);
			name = Main.storyboard;
			sourceTree = "<group>";
		};
		1DF3883E1F89126200609A3F /* LaunchScreen.storyboard */ = {
			isa = PBXVariantGroup;
			children = (
				1DF3883F1F89126200609A3F /* Base */,
			);
			name = LaunchScreen.storyboard;
			sourceTree = "<group>";
		};
/* End PBXVariantGroup section */

/* Begin XCBuildConfiguration section */
		1DF388581F89126200609A3F /* Debug */ = {
			isa = XCBuildConfiguration;
			buildSettings = {
				ALWAYS_SEARCH_USER_PATHS = NO;
				CLANG_ANALYZER_NONNULL = YES;
				CLANG_ANALYZER_NUMBER_OBJECT_CONVERSION = YES_AGGRESSIVE;
				CLANG_CXX_LANGUAGE_STANDARD = "gnu++0x";
				CLANG_CXX_LIBRARY = "libc++";
				CLANG_ENABLE_MODULES = YES;
				CLANG_ENABLE_OBJC_ARC = YES;
				CLANG_WARN_BOOL_CONVERSION = YES;
				CLANG_WARN_CONSTANT_CONVERSION = YES;
				CLANG_WARN_DIRECT_OBJC_ISA_USAGE = YES_ERROR;
				CLANG_WARN_DOCUMENTATION_COMMENTS = YES;
				CLANG_WARN_EMPTY_BODY = YES;
				CLANG_WARN_ENUM_CONVERSION = YES;
				CLANG_WARN_INFINITE_RECURSION = YES;
				CLANG_WARN_INT_CONVERSION = YES;
				CLANG_WARN_OBJC_ROOT_CLASS = YES_ERROR;
				CLANG_WARN_SUSPICIOUS_MOVE = YES;
				CLANG_WARN_UNREACHABLE_CODE = YES;
				CLANG_WARN__DUPLICATE_METHOD_MATCH = YES;
				"CODE_SIGN_IDENTITY[sdk=iphoneos*]" = "iPhone Developer";
				COPY_PHASE_STRIP = NO;
				DEBUG_INFORMATION_FORMAT = dwarf;
				ENABLE_STRICT_OBJC_MSGSEND = YES;
				ENABLE_TESTABILITY = YES;
				GCC_C_LANGUAGE_STANDARD = gnu99;
				GCC_DYNAMIC_NO_PIC = NO;
				GCC_NO_COMMON_BLOCKS = YES;
				GCC_OPTIMIZATION_LEVEL = 0;
				GCC_PREPROCESSOR_DEFINITIONS = (
					"DEBUG=1",
					"$(inherited)",
				);
				GCC_WARN_64_TO_32_BIT_CONVERSION = YES;
				GCC_WARN_ABOUT_RETURN_TYPE = YES_ERROR;
				GCC_WARN_UNDECLARED_SELECTOR = YES;
				GCC_WARN_UNINITIALIZED_AUTOS = YES_AGGRESSIVE;
				GCC_WARN_UNUSED_FUNCTION = YES;
				GCC_WARN_UNUSED_VARIABLE = YES;
				IPHONEOS_DEPLOYMENT_TARGET = 10.3;
				MTL_ENABLE_DEBUG_INFO = YES;
				ONLY_ACTIVE_ARCH = YES;
				SDKROOT = iphoneos;
				SWIFT_ACTIVE_COMPILATION_CONDITIONS = DEBUG;
				SWIFT_OPTIMIZATION_LEVEL = "-Onone";
				TARGETED_DEVICE_FAMILY = "1,2";
			};
			name = Debug;
		};
		1DF388591F89126200609A3F /* Release */ = {
			isa = XCBuildConfiguration;
			buildSettings = {
				ALWAYS_SEARCH_USER_PATHS = NO;
				CLANG_ANALYZER_NONNULL = YES;
				CLANG_ANALYZER_NUMBER_OBJECT_CONVERSION = YES_AGGRESSIVE;
				CLANG_CXX_LANGUAGE_STANDARD = "gnu++0x";
				CLANG_CXX_LIBRARY = "libc++";
				CLANG_ENABLE_MODULES = YES;
				CLANG_ENABLE_OBJC_ARC = YES;
				CLANG_WARN_BOOL_CONVERSION = YES;
				CLANG_WARN_CONSTANT_CONVERSION = YES;
				CLANG_WARN_DIRECT_OBJC_ISA_USAGE = YES_ERROR;
				CLANG_WARN_DOCUMENTATION_COMMENTS = YES;
				CLANG_WARN_EMPTY_BODY = YES;
				CLANG_WARN_ENUM_CONVERSION = YES;
				CLANG_WARN_INFINITE_RECURSION = YES;
				CLANG_WARN_INT_CONVERSION = YES;
				CLANG_WARN_OBJC_ROOT_CLASS = YES_ERROR;
				CLANG_WARN_SUSPICIOUS_MOVE = YES;
				CLANG_WARN_UNREACHABLE_CODE = YES;
				CLANG_WARN__DUPLICATE_METHOD_MATCH = YES;
				"CODE_SIGN_IDENTITY[sdk=iphoneos*]" = "iPhone Developer";
				COPY_PHASE_STRIP = NO;
				DEBUG_INFORMATION_FORMAT = "dwarf-with-dsym";
				ENABLE_NS_ASSERTIONS = NO;
				ENABLE_STRICT_OBJC_MSGSEND = YES;
				GCC_C_LANGUAGE_STANDARD = gnu99;
				GCC_NO_COMMON_BLOCKS = YES;
				GCC_WARN_64_TO_32_BIT_CONVERSION = YES;
				GCC_WARN_ABOUT_RETURN_TYPE = YES_ERROR;
				GCC_WARN_UNDECLARED_SELECTOR = YES;
				GCC_WARN_UNINITIALIZED_AUTOS = YES_AGGRESSIVE;
				GCC_WARN_UNUSED_FUNCTION = YES;
				GCC_WARN_UNUSED_VARIABLE = YES;
				IPHONEOS_DEPLOYMENT_TARGET = 10.3;
				MTL_ENABLE_DEBUG_INFO = NO;
				SDKROOT = iphoneos;
				SWIFT_OPTIMIZATION_LEVEL = "-Owholemodule";
				TARGETED_DEVICE_FAMILY = "1,2";
				VALIDATE_PRODUCT = YES;
			};
			name = Release;
		};
		1DF3885B1F89126200609A3F /* Debug */ = {
			isa = XCBuildConfiguration;
			buildSettings = {
				ASSETCATALOG_COMPILER_APPICON_NAME = AppIcon;
				INFOPLIST_FILE = lockr/Info.plist;
				LD_RUNPATH_SEARCH_PATHS = "$(inherited) @executable_path/Frameworks";
				PRODUCT_BUNDLE_IDENTIFIER = abovelab.lockr;
				PRODUCT_NAME = "$(TARGET_NAME)";
				SWIFT_VERSION = 3.0;
			};
			name = Debug;
		};
		1DF3885C1F89126200609A3F /* Release */ = {
			isa = XCBuildConfiguration;
			buildSettings = {
				ASSETCATALOG_COMPILER_APPICON_NAME = AppIcon;
				INFOPLIST_FILE = lockr/Info.plist;
				LD_RUNPATH_SEARCH_PATHS = "$(inherited) @executable_path/Frameworks";
				PRODUCT_BUNDLE_IDENTIFIER = abovelab.lockr;
				PRODUCT_NAME = "$(TARGET_NAME)";
				SWIFT_VERSION = 3.0;
			};
			name = Release;
		};
		1DF3885E1F89126200609A3F /* Debug */ = {
			isa = XCBuildConfiguration;
			buildSettings = {
				ALWAYS_EMBED_SWIFT_STANDARD_LIBRARIES = YES;
				BUNDLE_LOADER = "$(TEST_HOST)";
				INFOPLIST_FILE = lockrTests/Info.plist;
				LD_RUNPATH_SEARCH_PATHS = "$(inherited) @executable_path/Frameworks @loader_path/Frameworks";
				PRODUCT_BUNDLE_IDENTIFIER = abovelab.lockrTests;
				PRODUCT_NAME = "$(TARGET_NAME)";
				SWIFT_VERSION = 3.0;
				TEST_HOST = "$(BUILT_PRODUCTS_DIR)/lockr.app/lockr";
			};
			name = Debug;
		};
		1DF3885F1F89126200609A3F /* Release */ = {
			isa = XCBuildConfiguration;
			buildSettings = {
				ALWAYS_EMBED_SWIFT_STANDARD_LIBRARIES = YES;
				BUNDLE_LOADER = "$(TEST_HOST)";
				INFOPLIST_FILE = lockrTests/Info.plist;
				LD_RUNPATH_SEARCH_PATHS = "$(inherited) @executable_path/Frameworks @loader_path/Frameworks";
				PRODUCT_BUNDLE_IDENTIFIER = abovelab.lockrTests;
				PRODUCT_NAME = "$(TARGET_NAME)";
				SWIFT_VERSION = 3.0;
				TEST_HOST = "$(BUILT_PRODUCTS_DIR)/lockr.app/lockr";
			};
			name = Release;
		};
		1DF388611F89126200609A3F /* Debug */ = {
			isa = XCBuildConfiguration;
			buildSettings = {
				ALWAYS_EMBED_SWIFT_STANDARD_LIBRARIES = YES;
				INFOPLIST_FILE = lockrUITests/Info.plist;
				LD_RUNPATH_SEARCH_PATHS = "$(inherited) @executable_path/Frameworks @loader_path/Frameworks";
				PRODUCT_BUNDLE_IDENTIFIER = abovelab.lockrUITests;
				PRODUCT_NAME = "$(TARGET_NAME)";
				SWIFT_VERSION = 3.0;
				TEST_TARGET_NAME = lockr;
			};
			name = Debug;
		};
		1DF388621F89126200609A3F /* Release */ = {
			isa = XCBuildConfiguration;
			buildSettings = {
				ALWAYS_EMBED_SWIFT_STANDARD_LIBRARIES = YES;
				INFOPLIST_FILE = lockrUITests/Info.plist;
				LD_RUNPATH_SEARCH_PATHS = "$(inherited) @executable_path/Frameworks @loader_path/Frameworks";
				PRODUCT_BUNDLE_IDENTIFIER = abovelab.lockrUITests;
				PRODUCT_NAME = "$(TARGET_NAME)";
				SWIFT_VERSION = 3.0;
				TEST_TARGET_NAME = lockr;
			};
			name = Release;
		};
/* End XCBuildConfiguration section */

/* Begin XCConfigurationList section */
		1DF3882A1F89126200609A3F /* Build configuration list for PBXProject "lockr" */ = {
			isa = XCConfigurationList;
			buildConfigurations = (
				1DF388581F89126200609A3F /* Debug */,
				1DF388591F89126200609A3F /* Release */,
			);
			defaultConfigurationIsVisible = 0;
			defaultConfigurationName = Release;
		};
		1DF3885A1F89126200609A3F /* Build configuration list for PBXNativeTarget "lockr" */ = {
			isa = XCConfigurationList;
			buildConfigurations = (
				1DF3885B1F89126200609A3F /* Debug */,
				1DF3885C1F89126200609A3F /* Release */,
			);
			defaultConfigurationIsVisible = 0;
		};
		1DF3885D1F89126200609A3F /* Build configuration list for PBXNativeTarget "lockrTests" */ = {
			isa = XCConfigurationList;
			buildConfigurations = (
				1DF3885E1F89126200609A3F /* Debug */,
				1DF3885F1F89126200609A3F /* Release */,
			);
			defaultConfigurationIsVisible = 0;
		};
		1DF388601F89126200609A3F /* Build configuration list for PBXNativeTarget "lockrUITests" */ = {
			isa = XCConfigurationList;
			buildConfigurations = (
				1DF388611F89126200609A3F /* Debug */,
				1DF388621F89126200609A3F /* Release */,
			);
			defaultConfigurationIsVisible = 0;
		};
/* End XCConfigurationList section */

/* Begin XCVersionGroup section */
		1DF388391F89126200609A3F /* lockr.xcdatamodeld */ = {
			isa = XCVersionGroup;
			children = (
				1DF3883A1F89126200609A3F /* lockr.xcdatamodel */,
			);
			currentVersion = 1DF3883A1F89126200609A3F /* lockr.xcdatamodel */;
			path = lockr.xcdatamodeld;
			sourceTree = "<group>";
			versionGroupType = wrapper.xcdatamodel;
		};
/* End XCVersionGroup section */
	};
	rootObject = 1DF388271F89126200609A3F /* Project object */;
}
